schema: '2.0'
stages:
  ingest:
    cmd: python scripts/02_ingest_to_zarr.py --manifest data/manifest.csv 
      --output data_processed/dataset.zarr
    deps:
    - path: data/manifest.csv
      hash: md5
      md5: 9f75b7fe734fb9eec8244cbb2734994e
      size: 110796
    - path: data/raw
      hash: md5
      md5: 8896b88a042e650b5524ff0e8c5a5b02.dir
      size: 1562989402
      nfiles: 701
    - path: scripts/02_ingest_to_zarr.py
      hash: md5
      md5: f53ae543e9ca6c1ce88ca38dc08f2f56
      size: 1532
    - path: src/fiber_ml/ingest/to_zarr.py
      hash: md5
      md5: 63bd5d197f645f065349ba0ed4c879e3
      size: 7252
    outs:
    - path: data_processed/dataset.zarr
      hash: md5
      md5: 9b50ff9f2d65b8fc094ab42b8d07e29e.dir
      size: 162124176
      nfiles: 726
  build_manifest:
    cmd: python scripts/01_build_manifest.py --data-dir data/raw --output 
      data/manifest.csv
    deps:
    - path: data/raw
      hash: md5
      md5: 8896b88a042e650b5524ff0e8c5a5b02.dir
      size: 1562989402
      nfiles: 701
    - path: scripts/01_build_manifest.py
      hash: md5
      md5: 43b69eaa6ef0c63b65d0de3dc22cb3b6
      size: 1243
    - path: src/fiber_ml/ingest/manifest.py
      hash: md5
      md5: fb0aed24f989b94c8e3a83427c715e3b
      size: 5194
    outs:
    - path: data/manifest.csv
      hash: md5
      md5: 9f75b7fe734fb9eec8244cbb2734994e
      size: 110796
